// !$*UTF8*$!
{
	archiveVersion = 1;
	classes = {
	};
	objectVersion = 56;
	objects = {

/* Begin PBXBuildFile section */
		5992BABB2BD8ED7200D27B94 /* AquaMoveApp.swift in Sources */ = {isa = PBXBuildFile; fileRef = 5992BABA2BD8ED7200D27B94 /* AquaMoveApp.swift */; };
		5992BABF2BD8ED7300D27B94 /* Assets.xcassets in Resources */ = {isa = PBXBuildFile; fileRef = 5992BABE2BD8ED7300D27B94 /* Assets.xcassets */; };
		5992BAC22BD8ED7300D27B94 /* Preview Assets.xcassets in Resources */ = {isa = PBXBuildFile; fileRef = 5992BAC12BD8ED7300D27B94 /* Preview Assets.xcassets */; };
		5992BACC2BD8ED7300D27B94 /* AquaMoveTests.swift in Sources */ = {isa = PBXBuildFile; fileRef = 5992BACB2BD8ED7300D27B94 /* AquaMoveTests.swift */; };
		5992BAD62BD8ED7300D27B94 /* AquaMoveUITests.swift in Sources */ = {isa = PBXBuildFile; fileRef = 5992BAD52BD8ED7300D27B94 /* AquaMoveUITests.swift */; };
		5992BAD82BD8ED7300D27B94 /* AquaMoveUITestsLaunchTests.swift in Sources */ = {isa = PBXBuildFile; fileRef = 5992BAD72BD8ED7300D27B94 /* AquaMoveUITestsLaunchTests.swift */; };
		5992BAE62BD8FDD100D27B94 /* FirebaseAuth in Frameworks */ = {isa = PBXBuildFile; productRef = 5992BAE52BD8FDD100D27B94 /* FirebaseAuth */; };
		5992BAE82BD8FDD100D27B94 /* FirebaseFirestore in Frameworks */ = {isa = PBXBuildFile; productRef = 5992BAE72BD8FDD100D27B94 /* FirebaseFirestore */; };
		5992BAEA2BD8FDD100D27B94 /* FirebaseFirestoreSwift in Frameworks */ = {isa = PBXBuildFile; productRef = 5992BAE92BD8FDD100D27B94 /* FirebaseFirestoreSwift */; };
		5992BAEC2BD900DD00D27B94 /* GoogleService-Info.plist in Resources */ = {isa = PBXBuildFile; fileRef = 5992BAEB2BD900DD00D27B94 /* GoogleService-Info.plist */; };
		5992BAF02BDA4CB000D27B94 /* SplashScreenView.swift in Sources */ = {isa = PBXBuildFile; fileRef = 5992BAEF2BDA4CB000D27B94 /* SplashScreenView.swift */; };
		5992BAF22BDA501100D27B94 /* Habit.swift in Sources */ = {isa = PBXBuildFile; fileRef = 5992BAF12BDA501100D27B94 /* Habit.swift */; };
		5992BAF42BDA533000D27B94 /* WaterIntakeHabit.swift in Sources */ = {isa = PBXBuildFile; fileRef = 5992BAF32BDA533000D27B94 /* WaterIntakeHabit.swift */; };
		5992BAF62BDA534600D27B94 /* WellnessHabit.swift in Sources */ = {isa = PBXBuildFile; fileRef = 5992BAF52BDA534600D27B94 /* WellnessHabit.swift */; };
		5992BAFA2BDA57AA00D27B94 /* GoalsView.swift in Sources */ = {isa = PBXBuildFile; fileRef = 5992BAF92BDA57AA00D27B94 /* GoalsView.swift */; };
		5992BAFC2BDA57BC00D27B94 /* HabitsView.swift in Sources */ = {isa = PBXBuildFile; fileRef = 5992BAFB2BDA57BC00D27B94 /* HabitsView.swift */; };
		5992BAFE2BDA581500D27B94 /* TabBarView.swift in Sources */ = {isa = PBXBuildFile; fileRef = 5992BAFD2BDA581500D27B94 /* TabBarView.swift */; };
		5992BB022BDA684900D27B94 /* HabitsViewModel.swift in Sources */ = {isa = PBXBuildFile; fileRef = 5992BB012BDA684900D27B94 /* HabitsViewModel.swift */; };
		5992BB042BDA6A4B00D27B94 /* AddHabitView.swift in Sources */ = {isa = PBXBuildFile; fileRef = 5992BB032BDA6A4B00D27B94 /* AddHabitView.swift */; };
		5992BB062BDB897200D27B94 /* DailyGoal.swift in Sources */ = {isa = PBXBuildFile; fileRef = 5992BB052BDB897200D27B94 /* DailyGoal.swift */; };
		5992BB082BDB89EA00D27B94 /* GoalsViewModel.swift in Sources */ = {isa = PBXBuildFile; fileRef = 5992BB072BDB89EA00D27B94 /* GoalsViewModel.swift */; };
/* End PBXBuildFile section */

/* Begin PBXContainerItemProxy section */
		5992BAC82BD8ED7300D27B94 /* PBXContainerItemProxy */ = {
			isa = PBXContainerItemProxy;
			containerPortal = 5992BAAF2BD8ED7200D27B94 /* Project object */;
			proxyType = 1;
			remoteGlobalIDString = 5992BAB62BD8ED7200D27B94;
			remoteInfo = AquaMove;
		};
		5992BAD22BD8ED7300D27B94 /* PBXContainerItemProxy */ = {
			isa = PBXContainerItemProxy;
			containerPortal = 5992BAAF2BD8ED7200D27B94 /* Project object */;
			proxyType = 1;
			remoteGlobalIDString = 5992BAB62BD8ED7200D27B94;
			remoteInfo = AquaMove;
		};
/* End PBXContainerItemProxy section */

/* Begin PBXFileReference section */
		5992BAB72BD8ED7200D27B94 /* AquaMove.app */ = {isa = PBXFileReference; explicitFileType = wrapper.application; includeInIndex = 0; path = AquaMove.app; sourceTree = BUILT_PRODUCTS_DIR; };
		5992BABA2BD8ED7200D27B94 /* AquaMoveApp.swift */ = {isa = PBXFileReference; lastKnownFileType = sourcecode.swift; path = AquaMoveApp.swift; sourceTree = "<group>"; };
		5992BABE2BD8ED7300D27B94 /* Assets.xcassets */ = {isa = PBXFileReference; lastKnownFileType = folder.assetcatalog; path = Assets.xcassets; sourceTree = "<group>"; };
		5992BAC12BD8ED7300D27B94 /* Preview Assets.xcassets */ = {isa = PBXFileReference; lastKnownFileType = folder.assetcatalog; path = "Preview Assets.xcassets"; sourceTree = "<group>"; };
		5992BAC72BD8ED7300D27B94 /* AquaMoveTests.xctest */ = {isa = PBXFileReference; explicitFileType = wrapper.cfbundle; includeInIndex = 0; path = AquaMoveTests.xctest; sourceTree = BUILT_PRODUCTS_DIR; };
		5992BACB2BD8ED7300D27B94 /* AquaMoveTests.swift */ = {isa = PBXFileReference; lastKnownFileType = sourcecode.swift; path = AquaMoveTests.swift; sourceTree = "<group>"; };
		5992BAD12BD8ED7300D27B94 /* AquaMoveUITests.xctest */ = {isa = PBXFileReference; explicitFileType = wrapper.cfbundle; includeInIndex = 0; path = AquaMoveUITests.xctest; sourceTree = BUILT_PRODUCTS_DIR; };
		5992BAD52BD8ED7300D27B94 /* AquaMoveUITests.swift */ = {isa = PBXFileReference; lastKnownFileType = sourcecode.swift; path = AquaMoveUITests.swift; sourceTree = "<group>"; };
		5992BAD72BD8ED7300D27B94 /* AquaMoveUITestsLaunchTests.swift */ = {isa = PBXFileReference; lastKnownFileType = sourcecode.swift; path = AquaMoveUITestsLaunchTests.swift; sourceTree = "<group>"; };
		5992BAEB2BD900DD00D27B94 /* GoogleService-Info.plist */ = {isa = PBXFileReference; fileEncoding = 4; lastKnownFileType = text.plist.xml; path = "GoogleService-Info.plist"; sourceTree = "<group>"; };
		5992BAEF2BDA4CB000D27B94 /* SplashScreenView.swift */ = {isa = PBXFileReference; lastKnownFileType = sourcecode.swift; path = SplashScreenView.swift; sourceTree = "<group>"; };
		5992BAF12BDA501100D27B94 /* Habit.swift */ = {isa = PBXFileReference; lastKnownFileType = sourcecode.swift; path = Habit.swift; sourceTree = "<group>"; };
		5992BAF32BDA533000D27B94 /* WaterIntakeHabit.swift */ = {isa = PBXFileReference; lastKnownFileType = sourcecode.swift; path = WaterIntakeHabit.swift; sourceTree = "<group>"; };
		5992BAF52BDA534600D27B94 /* WellnessHabit.swift */ = {isa = PBXFileReference; lastKnownFileType = sourcecode.swift; path = WellnessHabit.swift; sourceTree = "<group>"; };
		5992BAF92BDA57AA00D27B94 /* GoalsView.swift */ = {isa = PBXFileReference; lastKnownFileType = sourcecode.swift; path = GoalsView.swift; sourceTree = "<group>"; };
		5992BAFB2BDA57BC00D27B94 /* HabitsView.swift */ = {isa = PBXFileReference; lastKnownFileType = sourcecode.swift; path = HabitsView.swift; sourceTree = "<group>"; };
		5992BAFD2BDA581500D27B94 /* TabBarView.swift */ = {isa = PBXFileReference; lastKnownFileType = sourcecode.swift; path = TabBarView.swift; sourceTree = "<group>"; };
		5992BB012BDA684900D27B94 /* HabitsViewModel.swift */ = {isa = PBXFileReference; lastKnownFileType = sourcecode.swift; path = HabitsViewModel.swift; sourceTree = "<group>"; };
		5992BB032BDA6A4B00D27B94 /* AddHabitView.swift */ = {isa = PBXFileReference; lastKnownFileType = sourcecode.swift; path = AddHabitView.swift; sourceTree = "<group>"; };
		5992BB052BDB897200D27B94 /* DailyGoal.swift */ = {isa = PBXFileReference; lastKnownFileType = sourcecode.swift; path = DailyGoal.swift; sourceTree = "<group>"; };
		5992BB072BDB89EA00D27B94 /* GoalsViewModel.swift */ = {isa = PBXFileReference; lastKnownFileType = sourcecode.swift; path = GoalsViewModel.swift; sourceTree = "<group>"; };
/* End PBXFileReference section */

/* Begin PBXFrameworksBuildPhase section */
		5992BAB42BD8ED7200D27B94 /* Frameworks */ = {
			isa = PBXFrameworksBuildPhase;
			buildActionMask = 2147483647;
			files = (
				5992BAE62BD8FDD100D27B94 /* FirebaseAuth in Frameworks */,
				5992BAE82BD8FDD100D27B94 /* FirebaseFirestore in Frameworks */,
				5992BAEA2BD8FDD100D27B94 /* FirebaseFirestoreSwift in Frameworks */,
			);
			runOnlyForDeploymentPostprocessing = 0;
		};
		5992BAC42BD8ED7300D27B94 /* Frameworks */ = {
			isa = PBXFrameworksBuildPhase;
			buildActionMask = 2147483647;
			files = (
			);
			runOnlyForDeploymentPostprocessing = 0;
		};
		5992BACE2BD8ED7300D27B94 /* Frameworks */ = {
			isa = PBXFrameworksBuildPhase;
			buildActionMask = 2147483647;
			files = (
			);
			runOnlyForDeploymentPostprocessing = 0;
		};
/* End PBXFrameworksBuildPhase section */

/* Begin PBXGroup section */
		5992BAAE2BD8ED7200D27B94 = {
			isa = PBXGroup;
			children = (
				5992BAB92BD8ED7200D27B94 /* AquaMove */,
				5992BACA2BD8ED7300D27B94 /* AquaMoveTests */,
				5992BAD42BD8ED7300D27B94 /* AquaMoveUITests */,
				5992BAB82BD8ED7200D27B94 /* Products */,
			);
			sourceTree = "<group>";
		};
		5992BAB82BD8ED7200D27B94 /* Products */ = {
			isa = PBXGroup;
			children = (
				5992BAB72BD8ED7200D27B94 /* AquaMove.app */,
				5992BAC72BD8ED7300D27B94 /* AquaMoveTests.xctest */,
				5992BAD12BD8ED7300D27B94 /* AquaMoveUITests.xctest */,
			);
			name = Products;
			sourceTree = "<group>";
		};
		5992BAB92BD8ED7200D27B94 /* AquaMove */ = {
			isa = PBXGroup;
			children = (
				5992BABA2BD8ED7200D27B94 /* AquaMoveApp.swift */,
				5992BAEF2BDA4CB000D27B94 /* SplashScreenView.swift */,
				5992BB052BDB897200D27B94 /* DailyGoal.swift */,
				5992BAF12BDA501100D27B94 /* Habit.swift */,
				5992BAF52BDA534600D27B94 /* WellnessHabit.swift */,
				5992BAF32BDA533000D27B94 /* WaterIntakeHabit.swift */,
				5992BAFD2BDA581500D27B94 /* TabBarView.swift */,
				5992BAF92BDA57AA00D27B94 /* GoalsView.swift */,
				5992BAFB2BDA57BC00D27B94 /* HabitsView.swift */,
				5992BB032BDA6A4B00D27B94 /* AddHabitView.swift */,
				5992BB012BDA684900D27B94 /* HabitsViewModel.swift */,
				5992BB072BDB89EA00D27B94 /* GoalsViewModel.swift */,
				5992BAF82BDA575100D27B94 /* Views */,
				5992BAF72BDA573A00D27B94 /* Models and Class */,
				5992BAEB2BD900DD00D27B94 /* GoogleService-Info.plist */,
				5992BABE2BD8ED7300D27B94 /* Assets.xcassets */,
				5992BAC02BD8ED7300D27B94 /* Preview Content */,
			);
			path = AquaMove;
			sourceTree = "<group>";
		};
		5992BAC02BD8ED7300D27B94 /* Preview Content */ = {
			isa = PBXGroup;
			children = (
				5992BAC12BD8ED7300D27B94 /* Preview Assets.xcassets */,
			);
			path = "Preview Content";
			sourceTree = "<group>";
		};
		5992BACA2BD8ED7300D27B94 /* AquaMoveTests */ = {
			isa = PBXGroup;
			children = (
				5992BACB2BD8ED7300D27B94 /* AquaMoveTests.swift */,
			);
			path = AquaMoveTests;
			sourceTree = "<group>";
		};
		5992BAD42BD8ED7300D27B94 /* AquaMoveUITests */ = {
			isa = PBXGroup;
			children = (
				5992BAD52BD8ED7300D27B94 /* AquaMoveUITests.swift */,
				5992BAD72BD8ED7300D27B94 /* AquaMoveUITestsLaunchTests.swift */,
			);
			path = AquaMoveUITests;
			sourceTree = "<group>";
		};
		5992BAF72BDA573A00D27B94 /* Models and Class */ = {
			isa = PBXGroup;
			children = (
			);
			path = "Models and Class";
			sourceTree = "<group>";
		};
		5992BAF82BDA575100D27B94 /* Views */ = {
			isa = PBXGroup;
			children = (
			);
			path = Views;
			sourceTree = "<group>";
		};
/* End PBXGroup section */

/* Begin PBXNativeTarget section */
		5992BAB62BD8ED7200D27B94 /* AquaMove */ = {
			isa = PBXNativeTarget;
			buildConfigurationList = 5992BADB2BD8ED7300D27B94 /* Build configuration list for PBXNativeTarget "AquaMove" */;
			buildPhases = (
				5992BAB32BD8ED7200D27B94 /* Sources */,
				5992BAB42BD8ED7200D27B94 /* Frameworks */,
				5992BAB52BD8ED7200D27B94 /* Resources */,
			);
			buildRules = (
			);
			dependencies = (
			);
			name = AquaMove;
			packageProductDependencies = (
				5992BAE52BD8FDD100D27B94 /* FirebaseAuth */,
				5992BAE72BD8FDD100D27B94 /* FirebaseFirestore */,
				5992BAE92BD8FDD100D27B94 /* FirebaseFirestoreSwift */,
			);
			productName = AquaMove;
			productReference = 5992BAB72BD8ED7200D27B94 /* AquaMove.app */;
			productType = "com.apple.product-type.application";
		};
		5992BAC62BD8ED7300D27B94 /* AquaMoveTests */ = {
			isa = PBXNativeTarget;
			buildConfigurationList = 5992BADE2BD8ED7300D27B94 /* Build configuration list for PBXNativeTarget "AquaMoveTests" */;
			buildPhases = (
				5992BAC32BD8ED7300D27B94 /* Sources */,
				5992BAC42BD8ED7300D27B94 /* Frameworks */,
				5992BAC52BD8ED7300D27B94 /* Resources */,
			);
			buildRules = (
			);
			dependencies = (
				5992BAC92BD8ED7300D27B94 /* PBXTargetDependency */,
			);
			name = AquaMoveTests;
			productName = AquaMoveTests;
			productReference = 5992BAC72BD8ED7300D27B94 /* AquaMoveTests.xctest */;
			productType = "com.apple.product-type.bundle.unit-test";
		};
		5992BAD02BD8ED7300D27B94 /* AquaMoveUITests */ = {
			isa = PBXNativeTarget;
			buildConfigurationList = 5992BAE12BD8ED7300D27B94 /* Build configuration list for PBXNativeTarget "AquaMoveUITests" */;
			buildPhases = (
				5992BACD2BD8ED7300D27B94 /* Sources */,
				5992BACE2BD8ED7300D27B94 /* Frameworks */,
				5992BACF2BD8ED7300D27B94 /* Resources */,
			);
			buildRules = (
			);
			dependencies = (
				5992BAD32BD8ED7300D27B94 /* PBXTargetDependency */,
			);
			name = AquaMoveUITests;
			productName = AquaMoveUITests;
			productReference = 5992BAD12BD8ED7300D27B94 /* AquaMoveUITests.xctest */;
			productType = "com.apple.product-type.bundle.ui-testing";
		};
/* End PBXNativeTarget section */

/* Begin PBXProject section */
		5992BAAF2BD8ED7200D27B94 /* Project object */ = {
			isa = PBXProject;
			attributes = {
				BuildIndependentTargetsInParallel = 1;
				LastSwiftUpdateCheck = 1530;
				LastUpgradeCheck = 1530;
				TargetAttributes = {
					5992BAB62BD8ED7200D27B94 = {
						CreatedOnToolsVersion = 15.3;
					};
					5992BAC62BD8ED7300D27B94 = {
						CreatedOnToolsVersion = 15.3;
						TestTargetID = 5992BAB62BD8ED7200D27B94;
					};
					5992BAD02BD8ED7300D27B94 = {
						CreatedOnToolsVersion = 15.3;
						TestTargetID = 5992BAB62BD8ED7200D27B94;
					};
				};
			};
			buildConfigurationList = 5992BAB22BD8ED7200D27B94 /* Build configuration list for PBXProject "AquaMove" */;
			compatibilityVersion = "Xcode 14.0";
			developmentRegion = en;
			hasScannedForEncodings = 0;
			knownRegions = (
				en,
				Base,
			);
			mainGroup = 5992BAAE2BD8ED7200D27B94;
			packageReferences = (
				5992BAE42BD8FDD100D27B94 /* XCRemoteSwiftPackageReference "firebase-ios-sdk" */,
			);
			productRefGroup = 5992BAB82BD8ED7200D27B94 /* Products */;
			projectDirPath = "";
			projectRoot = "";
			targets = (
				5992BAB62BD8ED7200D27B94 /* AquaMove */,
				5992BAC62BD8ED7300D27B94 /* AquaMoveTests */,
				5992BAD02BD8ED7300D27B94 /* AquaMoveUITests */,
			);
		};
/* End PBXProject section */

/* Begin PBXResourcesBuildPhase section */
		5992BAB52BD8ED7200D27B94 /* Resources */ = {
			isa = PBXResourcesBuildPhase;
			buildActionMask = 2147483647;
			files = (
				5992BAC22BD8ED7300D27B94 /* Preview Assets.xcassets in Resources */,
				5992BABF2BD8ED7300D27B94 /* Assets.xcassets in Resources */,
				5992BAEC2BD900DD00D27B94 /* GoogleService-Info.plist in Resources */,
			);
			runOnlyForDeploymentPostprocessing = 0;
		};
		5992BAC52BD8ED7300D27B94 /* Resources */ = {
			isa = PBXResourcesBuildPhase;
			buildActionMask = 2147483647;
			files = (
			);
			runOnlyForDeploymentPostprocessing = 0;
		};
		5992BACF2BD8ED7300D27B94 /* Resources */ = {
			isa = PBXResourcesBuildPhase;
			buildActionMask = 2147483647;
			files = (
			);
			runOnlyForDeploymentPostprocessing = 0;
		};
/* End PBXResourcesBuildPhase section */

/* Begin PBXSourcesBuildPhase section */
		5992BAB32BD8ED7200D27B94 /* Sources */ = {
			isa = PBXSourcesBuildPhase;
			buildActionMask = 2147483647;
			files = (
				5992BAFE2BDA581500D27B94 /* TabBarView.swift in Sources */,
				5992BAFC2BDA57BC00D27B94 /* HabitsView.swift in Sources */,
				5992BAF62BDA534600D27B94 /* WellnessHabit.swift in Sources */,
				5992BB042BDA6A4B00D27B94 /* AddHabitView.swift in Sources */,
				5992BABB2BD8ED7200D27B94 /* AquaMoveApp.swift in Sources */,
				5992BB082BDB89EA00D27B94 /* GoalsViewModel.swift in Sources */,
				5992BB022BDA684900D27B94 /* HabitsViewModel.swift in Sources */,
				5992BAF22BDA501100D27B94 /* Habit.swift in Sources */,
				5992BAFA2BDA57AA00D27B94 /* GoalsView.swift in Sources */,
				5992BAF02BDA4CB000D27B94 /* SplashScreenView.swift in Sources */,
				5992BAF42BDA533000D27B94 /* WaterIntakeHabit.swift in Sources */,
				5992BB062BDB897200D27B94 /* DailyGoal.swift in Sources */,
			);
			runOnlyForDeploymentPostprocessing = 0;
		};
		5992BAC32BD8ED7300D27B94 /* Sources */ = {
			isa = PBXSourcesBuildPhase;
			buildActionMask = 2147483647;
			files = (
				5992BACC2BD8ED7300D27B94 /* AquaMoveTests.swift in Sources */,
			);
			runOnlyForDeploymentPostprocessing = 0;
		};
		5992BACD2BD8ED7300D27B94 /* Sources */ = {
			isa = PBXSourcesBuildPhase;
			buildActionMask = 2147483647;
			files = (
				5992BAD82BD8ED7300D27B94 /* AquaMoveUITestsLaunchTests.swift in Sources */,
				5992BAD62BD8ED7300D27B94 /* AquaMoveUITests.swift in Sources */,
			);
			runOnlyForDeploymentPostprocessing = 0;
		};
/* End PBXSourcesBuildPhase section */

/* Begin PBXTargetDependency section */
		5992BAC92BD8ED7300D27B94 /* PBXTargetDependency */ = {
			isa = PBXTargetDependency;
			target = 5992BAB62BD8ED7200D27B94 /* AquaMove */;
			targetProxy = 5992BAC82BD8ED7300D27B94 /* PBXContainerItemProxy */;
		};
		5992BAD32BD8ED7300D27B94 /* PBXTargetDependency */ = {
			isa = PBXTargetDependency;
			target = 5992BAB62BD8ED7200D27B94 /* AquaMove */;
			targetProxy = 5992BAD22BD8ED7300D27B94 /* PBXContainerItemProxy */;
		};
/* End PBXTargetDependency section */

/* Begin XCBuildConfiguration section */
		5992BAD92BD8ED7300D27B94 /* Debug */ = {
			isa = XCBuildConfiguration;
			buildSettings = {
				ALWAYS_SEARCH_USER_PATHS = NO;
				ASSETCATALOG_COMPILER_GENERATE_SWIFT_ASSET_SYMBOL_EXTENSIONS = YES;
				CLANG_ANALYZER_NONNULL = YES;
				CLANG_ANALYZER_NUMBER_OBJECT_CONVERSION = YES_AGGRESSIVE;
				CLANG_CXX_LANGUAGE_STANDARD = "gnu++20";
				CLANG_ENABLE_MODULES = YES;
				CLANG_ENABLE_OBJC_ARC = YES;
				CLANG_ENABLE_OBJC_WEAK = YES;
				CLANG_WARN_BLOCK_CAPTURE_AUTORELEASING = YES;
				CLANG_WARN_BOOL_CONVERSION = YES;
				CLANG_WARN_COMMA = YES;
				CLANG_WARN_CONSTANT_CONVERSION = YES;
				CLANG_WARN_DEPRECATED_OBJC_IMPLEMENTATIONS = YES;
				CLANG_WARN_DIRECT_OBJC_ISA_USAGE = YES_ERROR;
				CLANG_WARN_DOCUMENTATION_COMMENTS = YES;
				CLANG_WARN_EMPTY_BODY = YES;
				CLANG_WARN_ENUM_CONVERSION = YES;
				CLANG_WARN_INFINITE_RECURSION = YES;
				CLANG_WARN_INT_CONVERSION = YES;
				CLANG_WARN_NON_LITERAL_NULL_CONVERSION = YES;
				CLANG_WARN_OBJC_IMPLICIT_RETAIN_SELF = YES;
				CLANG_WARN_OBJC_LITERAL_CONVERSION = YES;
				CLANG_WARN_OBJC_ROOT_CLASS = YES_ERROR;
				CLANG_WARN_QUOTED_INCLUDE_IN_FRAMEWORK_HEADER = YES;
				CLANG_WARN_RANGE_LOOP_ANALYSIS = YES;
				CLANG_WARN_STRICT_PROTOTYPES = YES;
				CLANG_WARN_SUSPICIOUS_MOVE = YES;
				CLANG_WARN_UNGUARDED_AVAILABILITY = YES_AGGRESSIVE;
				CLANG_WARN_UNREACHABLE_CODE = YES;
				CLANG_WARN__DUPLICATE_METHOD_MATCH = YES;
				COPY_PHASE_STRIP = NO;
				DEBUG_INFORMATION_FORMAT = dwarf;
				ENABLE_STRICT_OBJC_MSGSEND = YES;
				ENABLE_TESTABILITY = YES;
				ENABLE_USER_SCRIPT_SANDBOXING = YES;
				GCC_C_LANGUAGE_STANDARD = gnu17;
				GCC_DYNAMIC_NO_PIC = NO;
				GCC_NO_COMMON_BLOCKS = YES;
				GCC_OPTIMIZATION_LEVEL = 0;
				GCC_PREPROCESSOR_DEFINITIONS = (
					"DEBUG=1",
					"$(inherited)",
				);
				GCC_WARN_64_TO_32_BIT_CONVERSION = YES;
				GCC_WARN_ABOUT_RETURN_TYPE = YES_ERROR;
				GCC_WARN_UNDECLARED_SELECTOR = YES;
				GCC_WARN_UNINITIALIZED_AUTOS = YES_AGGRESSIVE;
				GCC_WARN_UNUSED_FUNCTION = YES;
				GCC_WARN_UNUSED_VARIABLE = YES;
				IPHONEOS_DEPLOYMENT_TARGET = 17.4;
				LOCALIZATION_PREFERS_STRING_CATALOGS = YES;
				MTL_ENABLE_DEBUG_INFO = INCLUDE_SOURCE;
				MTL_FAST_MATH = YES;
				ONLY_ACTIVE_ARCH = YES;
				SDKROOT = iphoneos;
				SWIFT_ACTIVE_COMPILATION_CONDITIONS = "DEBUG $(inherited)";
				SWIFT_OPTIMIZATION_LEVEL = "-Onone";
			};
			name = Debug;
		};
		5992BADA2BD8ED7300D27B94 /* Release */ = {
			isa = XCBuildConfiguration;
			buildSettings = {
				ALWAYS_SEARCH_USER_PATHS = NO;
				ASSETCATALOG_COMPILER_GENERATE_SWIFT_ASSET_SYMBOL_EXTENSIONS = YES;
				CLANG_ANALYZER_NONNULL = YES;
				CLANG_ANALYZER_NUMBER_OBJECT_CONVERSION = YES_AGGRESSIVE;
				CLANG_CXX_LANGUAGE_STANDARD = "gnu++20";
				CLANG_ENABLE_MODULES = YES;
				CLANG_ENABLE_OBJC_ARC = YES;
				CLANG_ENABLE_OBJC_WEAK = YES;
				CLANG_WARN_BLOCK_CAPTURE_AUTORELEASING = YES;
				CLANG_WARN_BOOL_CONVERSION = YES;
				CLANG_WARN_COMMA = YES;
				CLANG_WARN_CONSTANT_CONVERSION = YES;
				CLANG_WARN_DEPRECATED_OBJC_IMPLEMENTATIONS = YES;
				CLANG_WARN_DIRECT_OBJC_ISA_USAGE = YES_ERROR;
				CLANG_WARN_DOCUMENTATION_COMMENTS = YES;
				CLANG_WARN_EMPTY_BODY = YES;
				CLANG_WARN_ENUM_CONVERSION = YES;
				CLANG_WARN_INFINITE_RECURSION = YES;
				CLANG_WARN_INT_CONVERSION = YES;
				CLANG_WARN_NON_LITERAL_NULL_CONVERSION = YES;
				CLANG_WARN_OBJC_IMPLICIT_RETAIN_SELF = YES;
				CLANG_WARN_OBJC_LITERAL_CONVERSION = YES;
				CLANG_WARN_OBJC_ROOT_CLASS = YES_ERROR;
				CLANG_WARN_QUOTED_INCLUDE_IN_FRAMEWORK_HEADER = YES;
				CLANG_WARN_RANGE_LOOP_ANALYSIS = YES;
				CLANG_WARN_STRICT_PROTOTYPES = YES;
				CLANG_WARN_SUSPICIOUS_MOVE = YES;
				CLANG_WARN_UNGUARDED_AVAILABILITY = YES_AGGRESSIVE;
				CLANG_WARN_UNREACHABLE_CODE = YES;
				CLANG_WARN__DUPLICATE_METHOD_MATCH = YES;
				COPY_PHASE_STRIP = NO;
				DEBUG_INFORMATION_FORMAT = "dwarf-with-dsym";
				ENABLE_NS_ASSERTIONS = NO;
				ENABLE_STRICT_OBJC_MSGSEND = YES;
				ENABLE_USER_SCRIPT_SANDBOXING = YES;
				GCC_C_LANGUAGE_STANDARD = gnu17;
				GCC_NO_COMMON_BLOCKS = YES;
				GCC_WARN_64_TO_32_BIT_CONVERSION = YES;
				GCC_WARN_ABOUT_RETURN_TYPE = YES_ERROR;
				GCC_WARN_UNDECLARED_SELECTOR = YES;
				GCC_WARN_UNINITIALIZED_AUTOS = YES_AGGRESSIVE;
				GCC_WARN_UNUSED_FUNCTION = YES;
				GCC_WARN_UNUSED_VARIABLE = YES;
				IPHONEOS_DEPLOYMENT_TARGET = 17.4;
				LOCALIZATION_PREFERS_STRING_CATALOGS = YES;
				MTL_ENABLE_DEBUG_INFO = NO;
				MTL_FAST_MATH = YES;
				SDKROOT = iphoneos;
				SWIFT_COMPILATION_MODE = wholemodule;
				VALIDATE_PRODUCT = YES;
			};
			name = Release;
		};
		5992BADC2BD8ED7300D27B94 /* Debug */ = {
			isa = XCBuildConfiguration;
			buildSettings = {
				ASSETCATALOG_COMPILER_APPICON_NAME = AppIcon;
				ASSETCATALOG_COMPILER_GLOBAL_ACCENT_COLOR_NAME = AccentColor;
				CODE_SIGN_STYLE = Automatic;
				CURRENT_PROJECT_VERSION = 1;
				DEVELOPMENT_ASSET_PATHS = "\"AquaMove/Preview Content\"";
				DEVELOPMENT_TEAM = 99ZUU9K72J;
				ENABLE_PREVIEWS = YES;
				GENERATE_INFOPLIST_FILE = YES;
				INFOPLIST_KEY_UIApplicationSceneManifest_Generation = YES;
				INFOPLIST_KEY_UIApplicationSupportsIndirectInputEvents = YES;
				INFOPLIST_KEY_UILaunchScreen_Generation = YES;
				INFOPLIST_KEY_UISupportedInterfaceOrientations_iPad = "UIInterfaceOrientationPortrait UIInterfaceOrientationPortraitUpsideDown UIInterfaceOrientationLandscapeLeft UIInterfaceOrientationLandscapeRight";
				INFOPLIST_KEY_UISupportedInterfaceOrientations_iPhone = "UIInterfaceOrientationPortrait UIInterfaceOrientationLandscapeLeft UIInterfaceOrientationLandscapeRight";
				LD_RUNPATH_SEARCH_PATHS = (
					"$(inherited)",
					"@executable_path/Frameworks",
				);
				MARKETING_VERSION = 1.0;
				PRODUCT_BUNDLE_IDENTIFIER = com.example.AquaMove;
				PRODUCT_NAME = "$(TARGET_NAME)";
				SWIFT_EMIT_LOC_STRINGS = YES;
				SWIFT_VERSION = 5.0;
				TARGETED_DEVICE_FAMILY = "1,2";
			};
			name = Debug;
		};
		5992BADD2BD8ED7300D27B94 /* Release */ = {
			isa = XCBuildConfiguration;
			buildSettings = {
				ASSETCATALOG_COMPILER_APPICON_NAME = AppIcon;
				ASSETCATALOG_COMPILER_GLOBAL_ACCENT_COLOR_NAME = AccentColor;
				CODE_SIGN_STYLE = Automatic;
				CURRENT_PROJECT_VERSION = 1;
				DEVELOPMENT_ASSET_PATHS = "\"AquaMove/Preview Content\"";
				DEVELOPMENT_TEAM = 99ZUU9K72J;
				ENABLE_PREVIEWS = YES;
				GENERATE_INFOPLIST_FILE = YES;
				INFOPLIST_KEY_UIApplicationSceneManifest_Generation = YES;
				INFOPLIST_KEY_UIApplicationSupportsIndirectInputEvents = YES;
				INFOPLIST_KEY_UILaunchScreen_Generation = YES;
				INFOPLIST_KEY_UISupportedInterfaceOrientations_iPad = "UIInterfaceOrientationPortrait UIInterfaceOrientationPortraitUpsideDown UIInterfaceOrientationLandscapeLeft UIInterfaceOrientationLandscapeRight";
				INFOPLIST_KEY_UISupportedInterfaceOrientations_iPhone = "UIInterfaceOrientationPortrait UIInterfaceOrientationLandscapeLeft UIInterfaceOrientationLandscapeRight";
				LD_RUNPATH_SEARCH_PATHS = (
					"$(inherited)",
					"@executable_path/Frameworks",
				);
				MARKETING_VERSION = 1.0;
				PRODUCT_BUNDLE_IDENTIFIER = com.example.AquaMove;
				PRODUCT_NAME = "$(TARGET_NAME)";
				SWIFT_EMIT_LOC_STRINGS = YES;
				SWIFT_VERSION = 5.0;
				TARGETED_DEVICE_FAMILY = "1,2";
			};
			name = Release;
		};
		5992BADF2BD8ED7300D27B94 /* Debug */ = {
			isa = XCBuildConfiguration;
			buildSettings = {
				ALWAYS_EMBED_SWIFT_STANDARD_LIBRARIES = YES;
				BUNDLE_LOADER = "$(TEST_HOST)";
				CODE_SIGN_STYLE = Automatic;
				CURRENT_PROJECT_VERSION = 1;
				DEVELOPMENT_TEAM = 99ZUU9K72J;
				GENERATE_INFOPLIST_FILE = YES;
				IPHONEOS_DEPLOYMENT_TARGET = 17.4;
				MARKETING_VERSION = 1.0;
				PRODUCT_BUNDLE_IDENTIFIER = com.example.AquaMoveTests;
				PRODUCT_NAME = "$(TARGET_NAME)";
				SWIFT_EMIT_LOC_STRINGS = NO;
				SWIFT_VERSION = 5.0;
				TARGETED_DEVICE_FAMILY = "1,2";
				TEST_HOST = "$(BUILT_PRODUCTS_DIR)/AquaMove.app/$(BUNDLE_EXECUTABLE_FOLDER_PATH)/AquaMove";
			};
			name = Debug;
		};
		5992BAE02BD8ED7300D27B94 /* Release */ = {
			isa = XCBuildConfiguration;
			buildSettings = {
				ALWAYS_EMBED_SWIFT_STANDARD_LIBRARIES = YES;
				BUNDLE_LOADER = "$(TEST_HOST)";
				CODE_SIGN_STYLE = Automatic;
				CURRENT_PROJECT_VERSION = 1;
				DEVELOPMENT_TEAM = 99ZUU9K72J;
				GENERATE_INFOPLIST_FILE = YES;
				IPHONEOS_DEPLOYMENT_TARGET = 17.4;
				MARKETING_VERSION = 1.0;
				PRODUCT_BUNDLE_IDENTIFIER = com.example.AquaMoveTests;
				PRODUCT_NAME = "$(TARGET_NAME)";
				SWIFT_EMIT_LOC_STRINGS = NO;
				SWIFT_VERSION = 5.0;
				TARGETED_DEVICE_FAMILY = "1,2";
				TEST_HOST = "$(BUILT_PRODUCTS_DIR)/AquaMove.app/$(BUNDLE_EXECUTABLE_FOLDER_PATH)/AquaMove";
			};
			name = Release;
		};
		5992BAE22BD8ED7300D27B94 /* Debug */ = {
			isa = XCBuildConfiguration;
			buildSettings = {
				ALWAYS_EMBED_SWIFT_STANDARD_LIBRARIES = YES;
				CODE_SIGN_STYLE = Automatic;
				CURRENT_PROJECT_VERSION = 1;
				DEVELOPMENT_TEAM = 99ZUU9K72J;
				GENERATE_INFOPLIST_FILE = YES;
				MARKETING_VERSION = 1.0;
				PRODUCT_BUNDLE_IDENTIFIER = com.example.AquaMoveUITests;
				PRODUCT_NAME = "$(TARGET_NAME)";
				SWIFT_EMIT_LOC_STRINGS = NO;
				SWIFT_VERSION = 5.0;
				TARGETED_DEVICE_FAMILY = "1,2";
				TEST_TARGET_NAME = AquaMove;
			};
			name = Debug;
		};
		5992BAE32BD8ED7300D27B94 /* Release */ = {
			isa = XCBuildConfiguration;
			buildSettings = {
				ALWAYS_EMBED_SWIFT_STANDARD_LIBRARIES = YES;
				CODE_SIGN_STYLE = Automatic;
				CURRENT_PROJECT_VERSION = 1;
				DEVELOPMENT_TEAM = 99ZUU9K72J;
				GENERATE_INFOPLIST_FILE = YES;
				MARKETING_VERSION = 1.0;
				PRODUCT_BUNDLE_IDENTIFIER = com.example.AquaMoveUITests;
				PRODUCT_NAME = "$(TARGET_NAME)";
				SWIFT_EMIT_LOC_STRINGS = NO;
				SWIFT_VERSION = 5.0;
				TARGETED_DEVICE_FAMILY = "1,2";
				TEST_TARGET_NAME = AquaMove;
			};
			name = Release;
		};
/* End XCBuildConfiguration section */

/* Begin XCConfigurationList section */
		5992BAB22BD8ED7200D27B94 /* Build configuration list for PBXProject "AquaMove" */ = {
			isa = XCConfigurationList;
			buildConfigurations = (
				5992BAD92BD8ED7300D27B94 /* Debug */,
				5992BADA2BD8ED7300D27B94 /* Release */,
			);
			defaultConfigurationIsVisible = 0;
			defaultConfigurationName = Release;
		};
		5992BADB2BD8ED7300D27B94 /* Build configuration list for PBXNativeTarget "AquaMove" */ = {
			isa = XCConfigurationList;
			buildConfigurations = (
				5992BADC2BD8ED7300D27B94 /* Debug */,
				5992BADD2BD8ED7300D27B94 /* Release */,
			);
			defaultConfigurationIsVisible = 0;
			defaultConfigurationName = Release;
		};
		5992BADE2BD8ED7300D27B94 /* Build configuration list for PBXNativeTarget "AquaMoveTests" */ = {
			isa = XCConfigurationList;
			buildConfigurations = (
				5992BADF2BD8ED7300D27B94 /* Debug */,
				5992BAE02BD8ED7300D27B94 /* Release */,
			);
			defaultConfigurationIsVisible = 0;
			defaultConfigurationName = Release;
		};
		5992BAE12BD8ED7300D27B94 /* Build configuration list for PBXNativeTarget "AquaMoveUITests" */ = {
			isa = XCConfigurationList;
			buildConfigurations = (
				5992BAE22BD8ED7300D27B94 /* Debug */,
				5992BAE32BD8ED7300D27B94 /* Release */,
			);
			defaultConfigurationIsVisible = 0;
			defaultConfigurationName = Release;
		};
/* End XCConfigurationList section */

/* Begin XCRemoteSwiftPackageReference section */
		5992BAE42BD8FDD100D27B94 /* XCRemoteSwiftPackageReference "firebase-ios-sdk" */ = {
			isa = XCRemoteSwiftPackageReference;
			repositoryURL = "https://github.com/firebase/firebase-ios-sdk.git";
			requirement = {
				kind = upToNextMajorVersion;
				minimumVersion = 10.24.0;
			};
		};
/* End XCRemoteSwiftPackageReference section */

/* Begin XCSwiftPackageProductDependency section */
		5992BAE52BD8FDD100D27B94 /* FirebaseAuth */ = {
			isa = XCSwiftPackageProductDependency;
			package = 5992BAE42BD8FDD100D27B94 /* XCRemoteSwiftPackageReference "firebase-ios-sdk" */;
			productName = FirebaseAuth;
		};
		5992BAE72BD8FDD100D27B94 /* FirebaseFirestore */ = {
			isa = XCSwiftPackageProductDependency;
			package = 5992BAE42BD8FDD100D27B94 /* XCRemoteSwiftPackageReference "firebase-ios-sdk" */;
			productName = FirebaseFirestore;
		};
		5992BAE92BD8FDD100D27B94 /* FirebaseFirestoreSwift */ = {
			isa = XCSwiftPackageProductDependency;
			package = 5992BAE42BD8FDD100D27B94 /* XCRemoteSwiftPackageReference "firebase-ios-sdk" */;
			productName = FirebaseFirestoreSwift;
		};
/* End XCSwiftPackageProductDependency section */
	};
	rootObject = 5992BAAF2BD8ED7200D27B94 /* Project object */;
}
